
Microsoft Visual Studio Solution File, Format Version 12.00
# Visual Studio Version 16
VisualStudioVersion = 16.0.30611.23
MinimumVisualStudioVersion = 10.0.40219.1
Project("{FAE04EC0-301F-11D3-BF4B-00C04F79EFBC}") = "ClassLession", "ClassLession.csproj", "{D071A8F5-3DED-4DBD-89EE-DB355C8F5149}"
EndProject
Global
	GlobalSection(SolutionConfigurationPlatforms) = preSolution
		Debug|Any CPU = Debug|Any CPU
		Release|Any CPU = Release|Any CPU
	EndGlobalSection
	GlobalSection(ProjectConfigurationPlatforms) = postSolution
		{D071A8F5-3DED-4DBD-89EE-DB355C8F5149}.Debug|Any CPU.ActiveCfg = Debug|Any CPU
		{D071A8F5-3DED-4DBD-89EE-DB355C8F5149}.Debug|Any CPU.Build.0 = Debug|Any CPU
		{D071A8F5-3DED-4DBD-89EE-DB355C8F5149}.Release|Any CPU.ActiveCfg = Release|Any CPU
		{D071A8F5-3DED-4DBD-89EE-DB355C8F5149}.Release|Any CPU.Build.0 = Release|Any CPU
	EndGlobalSection
	GlobalSection(SolutionProperties) = preSolution
		HideSolutionNode = FALSE
	EndGlobalSection
	GlobalSection(ExtensibilityGlobals) = postSolution
		SolutionGuid = {3682597F-4C98-42DE-BA89-91117E716B5A}
	EndGlobalSection
EndGlobal
