
Microsoft Visual Studio Solution File, Format Version 12.00
# Visual Studio Version 16
VisualStudioVersion = 16.0.30611.23
MinimumVisualStudioVersion = 10.0.40219.1
Project("{FAE04EC0-301F-11D3-BF4B-00C04F79EFBC}") = "KeThua_Inheritance", "KeThua_Inheritance.csproj", "{D38EA512-6142-464D-AC74-00AD5A95E9C2}"
EndProject
Project("{FAE04EC0-301F-11D3-BF4B-00C04F79EFBC}") = "InitialBaseClass", "..\InitialBaseClass\InitialBaseClass.csproj", "{D12303A9-3947-49A0-A2D5-471400D4C7A4}"
EndProject
Global
	GlobalSection(SolutionConfigurationPlatforms) = preSolution
		Debug|Any CPU = Debug|Any CPU
		Release|Any CPU = Release|Any CPU
	EndGlobalSection
	GlobalSection(ProjectConfigurationPlatforms) = postSolution
		{D38EA512-6142-464D-AC74-00AD5A95E9C2}.Debug|Any CPU.ActiveCfg = Debug|Any CPU
		{D38EA512-6142-464D-AC74-00AD5A95E9C2}.Debug|Any CPU.Build.0 = Debug|Any CPU
		{D38EA512-6142-464D-AC74-00AD5A95E9C2}.Release|Any CPU.ActiveCfg = Release|Any CPU
		{D38EA512-6142-464D-AC74-00AD5A95E9C2}.Release|Any CPU.Build.0 = Release|Any CPU
		{D12303A9-3947-49A0-A2D5-471400D4C7A4}.Debug|Any CPU.ActiveCfg = Debug|Any CPU
		{D12303A9-3947-49A0-A2D5-471400D4C7A4}.Debug|Any CPU.Build.0 = Debug|Any CPU
		{D12303A9-3947-49A0-A2D5-471400D4C7A4}.Release|Any CPU.ActiveCfg = Release|Any CPU
		{D12303A9-3947-49A0-A2D5-471400D4C7A4}.Release|Any CPU.Build.0 = Release|Any CPU
	EndGlobalSection
	GlobalSection(SolutionProperties) = preSolution
		HideSolutionNode = FALSE
	EndGlobalSection
	GlobalSection(ExtensibilityGlobals) = postSolution
		SolutionGuid = {27B16EB7-E528-4BDE-82DE-5FA481F2CF28}
	EndGlobalSection
EndGlobal
