
Microsoft Visual Studio Solution File, Format Version 12.00
# Visual Studio Version 16
VisualStudioVersion = 16.0.31205.134
MinimumVisualStudioVersion = 10.0.40219.1
Project("{FAE04EC0-301F-11D3-BF4B-00C04F79EFBC}") = "InterfaceExample", "InterfaceExample\InterfaceExample.csproj", "{1A9B70B9-B566-4667-8058-D3B9F61C6C1C}"
EndProject
Global
	GlobalSection(SolutionConfigurationPlatforms) = preSolution
		Debug|Any CPU = Debug|Any CPU
		Release|Any CPU = Release|Any CPU
	EndGlobalSection
	GlobalSection(ProjectConfigurationPlatforms) = postSolution
		{1A9B70B9-B566-4667-8058-D3B9F61C6C1C}.Debug|Any CPU.ActiveCfg = Debug|Any CPU
		{1A9B70B9-B566-4667-8058-D3B9F61C6C1C}.Debug|Any CPU.Build.0 = Debug|Any CPU
		{1A9B70B9-B566-4667-8058-D3B9F61C6C1C}.Release|Any CPU.ActiveCfg = Release|Any CPU
		{1A9B70B9-B566-4667-8058-D3B9F61C6C1C}.Release|Any CPU.Build.0 = Release|Any CPU
	EndGlobalSection
	GlobalSection(SolutionProperties) = preSolution
		HideSolutionNode = FALSE
	EndGlobalSection
	GlobalSection(ExtensibilityGlobals) = postSolution
		SolutionGuid = {248D6E4E-A8D8-4DCA-9E5A-FC0591691BB5}
	EndGlobalSection
EndGlobal
