
Microsoft Visual Studio Solution File, Format Version 12.00
# Visual Studio Version 16
VisualStudioVersion = 16.0.30611.23
MinimumVisualStudioVersion = 10.0.40219.1
Project("{FAE04EC0-301F-11D3-BF4B-00C04F79EFBC}") = "CastDataType", "CastDataType.csproj", "{C68F6FE1-9D24-45FB-BE87-D54EAF8851B2}"
EndProject
Global
	GlobalSection(SolutionConfigurationPlatforms) = preSolution
		Debug|Any CPU = Debug|Any CPU
		Release|Any CPU = Release|Any CPU
	EndGlobalSection
	GlobalSection(ProjectConfigurationPlatforms) = postSolution
		{C68F6FE1-9D24-45FB-BE87-D54EAF8851B2}.Debug|Any CPU.ActiveCfg = Debug|Any CPU
		{C68F6FE1-9D24-45FB-BE87-D54EAF8851B2}.Debug|Any CPU.Build.0 = Debug|Any CPU
		{C68F6FE1-9D24-45FB-BE87-D54EAF8851B2}.Release|Any CPU.ActiveCfg = Release|Any CPU
		{C68F6FE1-9D24-45FB-BE87-D54EAF8851B2}.Release|Any CPU.Build.0 = Release|Any CPU
	EndGlobalSection
	GlobalSection(SolutionProperties) = preSolution
		HideSolutionNode = FALSE
	EndGlobalSection
	GlobalSection(ExtensibilityGlobals) = postSolution
		SolutionGuid = {666ED6A2-E45E-40FD-BB93-38C559053D17}
	EndGlobalSection
EndGlobal
