
Microsoft Visual Studio Solution File, Format Version 12.00
# Visual Studio Version 16
VisualStudioVersion = 16.0.31205.134
MinimumVisualStudioVersion = 10.0.40219.1
Project("{FAE04EC0-301F-11D3-BF4B-00C04F79EFBC}") = "NullableType", "NullableType\NullableType.csproj", "{1AF3973C-5E2A-490B-BC17-F74072F3BA5A}"
EndProject
Global
	GlobalSection(SolutionConfigurationPlatforms) = preSolution
		Debug|Any CPU = Debug|Any CPU
		Release|Any CPU = Release|Any CPU
	EndGlobalSection
	GlobalSection(ProjectConfigurationPlatforms) = postSolution
		{1AF3973C-5E2A-490B-BC17-F74072F3BA5A}.Debug|Any CPU.ActiveCfg = Debug|Any CPU
		{1AF3973C-5E2A-490B-BC17-F74072F3BA5A}.Debug|Any CPU.Build.0 = Debug|Any CPU
		{1AF3973C-5E2A-490B-BC17-F74072F3BA5A}.Release|Any CPU.ActiveCfg = Release|Any CPU
		{1AF3973C-5E2A-490B-BC17-F74072F3BA5A}.Release|Any CPU.Build.0 = Release|Any CPU
	EndGlobalSection
	GlobalSection(SolutionProperties) = preSolution
		HideSolutionNode = FALSE
	EndGlobalSection
	GlobalSection(ExtensibilityGlobals) = postSolution
		SolutionGuid = {7C655A9B-E17E-40B2-9651-18E234176259}
	EndGlobalSection
EndGlobal
